
Microsoft Visual Studio Solution File, Format Version 12.00
# Visual Studio 15
VisualStudioVersion = 15.0.26124.0
MinimumVisualStudioVersion = 15.0.26124.0
Project("{FAE04EC0-301F-11D3-BF4B-00C04F79EFBC}") = "Bank", "Bank\Bank.csproj", "{8C9394BC-EAB0-491F-B41A-528EEA6786B1}"
EndProject
Project("{FAE04EC0-301F-11D3-BF4B-00C04F79EFBC}") = "BankTests", "BankTests\BankTests.csproj", "{66CD8CA0-ED6B-4600-8C2B-FE4C8F039B5B}"
EndProject
Global
	GlobalSection(SolutionConfigurationPlatforms) = preSolution
		Debug|Any CPU = Debug|Any CPU
		Debug|x64 = Debug|x64
		Debug|x86 = Debug|x86
		Release|Any CPU = Release|Any CPU
		Release|x64 = Release|x64
		Release|x86 = Release|x86
	EndGlobalSection
	GlobalSection(SolutionProperties) = preSolution
		HideSolutionNode = FALSE
	EndGlobalSection
	GlobalSection(ProjectConfigurationPlatforms) = postSolution
		{8C9394BC-EAB0-491F-B41A-528EEA6786B1}.Debug|Any CPU.ActiveCfg = Debug|Any CPU
		{8C9394BC-EAB0-491F-B41A-528EEA6786B1}.Debug|Any CPU.Build.0 = Debug|Any CPU
		{8C9394BC-EAB0-491F-B41A-528EEA6786B1}.Debug|x64.ActiveCfg = Debug|x64
		{8C9394BC-EAB0-491F-B41A-528EEA6786B1}.Debug|x64.Build.0 = Debug|x64
		{8C9394BC-EAB0-491F-B41A-528EEA6786B1}.Debug|x86.ActiveCfg = Debug|x86
		{8C9394BC-EAB0-491F-B41A-528EEA6786B1}.Debug|x86.Build.0 = Debug|x86
		{8C9394BC-EAB0-491F-B41A-528EEA6786B1}.Release|Any CPU.ActiveCfg = Release|Any CPU
		{8C9394BC-EAB0-491F-B41A-528EEA6786B1}.Release|Any CPU.Build.0 = Release|Any CPU
		{8C9394BC-EAB0-491F-B41A-528EEA6786B1}.Release|x64.ActiveCfg = Release|x64
		{8C9394BC-EAB0-491F-B41A-528EEA6786B1}.Release|x64.Build.0 = Release|x64
		{8C9394BC-EAB0-491F-B41A-528EEA6786B1}.Release|x86.ActiveCfg = Release|x86
		{8C9394BC-EAB0-491F-B41A-528EEA6786B1}.Release|x86.Build.0 = Release|x86
		{66CD8CA0-ED6B-4600-8C2B-FE4C8F039B5B}.Debug|Any CPU.ActiveCfg = Debug|Any CPU
		{66CD8CA0-ED6B-4600-8C2B-FE4C8F039B5B}.Debug|Any CPU.Build.0 = Debug|Any CPU
		{66CD8CA0-ED6B-4600-8C2B-FE4C8F039B5B}.Debug|x64.ActiveCfg = Debug|x64
		{66CD8CA0-ED6B-4600-8C2B-FE4C8F039B5B}.Debug|x64.Build.0 = Debug|x64
		{66CD8CA0-ED6B-4600-8C2B-FE4C8F039B5B}.Debug|x86.ActiveCfg = Debug|x86
		{66CD8CA0-ED6B-4600-8C2B-FE4C8F039B5B}.Debug|x86.Build.0 = Debug|x86
		{66CD8CA0-ED6B-4600-8C2B-FE4C8F039B5B}.Release|Any CPU.ActiveCfg = Release|Any CPU
		{66CD8CA0-ED6B-4600-8C2B-FE4C8F039B5B}.Release|Any CPU.Build.0 = Release|Any CPU
		{66CD8CA0-ED6B-4600-8C2B-FE4C8F039B5B}.Release|x64.ActiveCfg = Release|x64
		{66CD8CA0-ED6B-4600-8C2B-FE4C8F039B5B}.Release|x64.Build.0 = Release|x64
		{66CD8CA0-ED6B-4600-8C2B-FE4C8F039B5B}.Release|x86.ActiveCfg = Release|x86
		{66CD8CA0-ED6B-4600-8C2B-FE4C8F039B5B}.Release|x86.Build.0 = Release|x86
	EndGlobalSection
EndGlobal
